
Microsoft Visual Studio Solution File, Format Version 12.00
# Visual Studio 15
VisualStudioVersion = 15.0.27604.0
MinimumVisualStudioVersion = 10.0.40219.1
Project("{8BC9CEB8-8B4A-11D0-8D11-00A0C91BC942}") = "MaxHeap", "MaxHeap\MaxHeap.vcxproj", "{A81085EA-5AD2-46F0-8D19-3567D7C0A4E9}"
EndProject
Global
	GlobalSection(SolutionConfigurationPlatforms) = preSolution
		Debug|x64 = Debug|x64
		Debug|x86 = Debug|x86
		Release|x64 = Release|x64
		Release|x86 = Release|x86
	EndGlobalSection
	GlobalSection(ProjectConfigurationPlatforms) = postSolution
		{A81085EA-5AD2-46F0-8D19-3567D7C0A4E9}.Debug|x64.ActiveCfg = Debug|x64
		{A81085EA-5AD2-46F0-8D19-3567D7C0A4E9}.Debug|x64.Build.0 = Debug|x64
		{A81085EA-5AD2-46F0-8D19-3567D7C0A4E9}.Debug|x86.ActiveCfg = Debug|Win32
		{A81085EA-5AD2-46F0-8D19-3567D7C0A4E9}.Debug|x86.Build.0 = Debug|Win32
		{A81085EA-5AD2-46F0-8D19-3567D7C0A4E9}.Release|x64.ActiveCfg = Release|x64
		{A81085EA-5AD2-46F0-8D19-3567D7C0A4E9}.Release|x64.Build.0 = Release|x64
		{A81085EA-5AD2-46F0-8D19-3567D7C0A4E9}.Release|x86.ActiveCfg = Release|Win32
		{A81085EA-5AD2-46F0-8D19-3567D7C0A4E9}.Release|x86.Build.0 = Release|Win32
	EndGlobalSection
	GlobalSection(SolutionProperties) = preSolution
		HideSolutionNode = FALSE
	EndGlobalSection
	GlobalSection(ExtensibilityGlobals) = postSolution
		SolutionGuid = {6438233A-57ED-4547-9F2D-02912F85F06A}
	EndGlobalSection
EndGlobal
